// !$*UTF8*$!
{
	archiveVersion = 1;
	classes = {
	};
	objectVersion = 46;
	objects = {

/* Begin PBXBuildFile section */
		42B91DCE1DD76580007CDD34 /* AppDelegate.swift in Sources */ = {isa = PBXBuildFile; fileRef = 42B91DCD1DD76580007CDD34 /* AppDelegate.swift */; };
		42B91DD01DD76580007CDD34 /* ViewController.swift in Sources */ = {isa = PBXBuildFile; fileRef = 42B91DCF1DD76580007CDD34 /* ViewController.swift */; };
		42B91DD31DD76580007CDD34 /* Main.storyboard in Resources */ = {isa = PBXBuildFile; fileRef = 42B91DD11DD76580007CDD34 /* Main.storyboard */; };
		42B91DD51DD76580007CDD34 /* Assets.xcassets in Resources */ = {isa = PBXBuildFile; fileRef = 42B91DD41DD76580007CDD34 /* Assets.xcassets */; };
		42B91DD81DD76580007CDD34 /* LaunchScreen.storyboard in Resources */ = {isa = PBXBuildFile; fileRef = 42B91DD61DD76580007CDD34 /* LaunchScreen.storyboard */; };
		42B91DE31DD76580007CDD34 /* SetupTests.swift in Sources */ = {isa = PBXBuildFile; fileRef = 42B91DE21DD76580007CDD34 /* SetupTests.swift */; };
		42B91DEE1DD76580007CDD34 /* SetupUITests.swift in Sources */ = {isa = PBXBuildFile; fileRef = 42B91DED1DD76580007CDD34 /* SetupUITests.swift */; };
/* End PBXBuildFile section */

/* Begin PBXContainerItemProxy section */
		42B91DDF1DD76580007CDD34 /* PBXContainerItemProxy */ = {
			isa = PBXContainerItemProxy;
			containerPortal = 42B91DC21DD7657F007CDD34 /* Project object */;
			proxyType = 1;
			remoteGlobalIDString = 42B91DC91DD76580007CDD34;
			remoteInfo = Setup;
		};
		42B91DEA1DD76580007CDD34 /* PBXContainerItemProxy */ = {
			isa = PBXContainerItemProxy;
			containerPortal = 42B91DC21DD7657F007CDD34 /* Project object */;
			proxyType = 1;
			remoteGlobalIDString = 42B91DC91DD76580007CDD34;
			remoteInfo = Setup;
		};
/* End PBXContainerItemProxy section */

/* Begin PBXFileReference section */
		42B91DCA1DD76580007CDD34 /* Setup.app */ = {isa = PBXFileReference; explicitFileType = wrapper.application; includeInIndex = 0; path = Setup.app; sourceTree = BUILT_PRODUCTS_DIR; };
		42B91DCD1DD76580007CDD34 /* AppDelegate.swift */ = {isa = PBXFileReference; lastKnownFileType = sourcecode.swift; path = AppDelegate.swift; sourceTree = "<group>"; };
		42B91DCF1DD76580007CDD34 /* ViewController.swift */ = {isa = PBXFileReference; lastKnownFileType = sourcecode.swift; path = ViewController.swift; sourceTree = "<group>"; };
		42B91DD21DD76580007CDD34 /* Base */ = {isa = PBXFileReference; lastKnownFileType = file.storyboard; name = Base; path = Base.lproj/Main.storyboard; sourceTree = "<group>"; };
		42B91DD41DD76580007CDD34 /* Assets.xcassets */ = {isa = PBXFileReference; lastKnownFileType = folder.assetcatalog; path = Assets.xcassets; sourceTree = "<group>"; };
		42B91DD71DD76580007CDD34 /* Base */ = {isa = PBXFileReference; lastKnownFileType = file.storyboard; name = Base; path = Base.lproj/LaunchScreen.storyboard; sourceTree = "<group>"; };
		42B91DD91DD76580007CDD34 /* Info.plist */ = {isa = PBXFileReference; lastKnownFileType = text.plist.xml; path = Info.plist; sourceTree = "<group>"; };
		42B91DDE1DD76580007CDD34 /* SetupTests.xctest */ = {isa = PBXFileReference; explicitFileType = wrapper.cfbundle; includeInIndex = 0; path = SetupTests.xctest; sourceTree = BUILT_PRODUCTS_DIR; };
		42B91DE21DD76580007CDD34 /* SetupTests.swift */ = {isa = PBXFileReference; lastKnownFileType = sourcecode.swift; path = SetupTests.swift; sourceTree = "<group>"; };
		42B91DE41DD76580007CDD34 /* Info.plist */ = {isa = PBXFileReference; lastKnownFileType = text.plist.xml; path = Info.plist; sourceTree = "<group>"; };
		42B91DE91DD76580007CDD34 /* SetupUITests.xctest */ = {isa = PBXFileReference; explicitFileType = wrapper.cfbundle; includeInIndex = 0; path = SetupUITests.xctest; sourceTree = BUILT_PRODUCTS_DIR; };
		42B91DED1DD76580007CDD34 /* SetupUITests.swift */ = {isa = PBXFileReference; lastKnownFileType = sourcecode.swift; path = SetupUITests.swift; sourceTree = "<group>"; };
		42B91DEF1DD76580007CDD34 /* Info.plist */ = {isa = PBXFileReference; lastKnownFileType = text.plist.xml; path = Info.plist; sourceTree = "<group>"; };
/* End PBXFileReference section */

/* Begin PBXFrameworksBuildPhase section */
		42B91DC71DD76580007CDD34 /* Frameworks */ = {
			isa = PBXFrameworksBuildPhase;
			buildActionMask = 2147483647;
			files = (
			);
			runOnlyForDeploymentPostprocessing = 0;
		};
		42B91DDB1DD76580007CDD34 /* Frameworks */ = {
			isa = PBXFrameworksBuildPhase;
			buildActionMask = 2147483647;
			files = (
			);
			runOnlyForDeploymentPostprocessing = 0;
		};
		42B91DE61DD76580007CDD34 /* Frameworks */ = {
			isa = PBXFrameworksBuildPhase;
			buildActionMask = 2147483647;
			files = (
			);
			runOnlyForDeploymentPostprocessing = 0;
		};
/* End PBXFrameworksBuildPhase section */

/* Begin PBXGroup section */
		42B91DC11DD7657F007CDD34 = {
			isa = PBXGroup;
			children = (
				42B91DCC1DD76580007CDD34 /* Setup */,
				42B91DE11DD76580007CDD34 /* SetupTests */,
				42B91DEC1DD76580007CDD34 /* SetupUITests */,
				42B91DCB1DD76580007CDD34 /* Products */,
			);
			sourceTree = "<group>";
		};
		42B91DCB1DD76580007CDD34 /* Products */ = {
			isa = PBXGroup;
			children = (
				42B91DCA1DD76580007CDD34 /* Setup.app */,
				42B91DDE1DD76580007CDD34 /* SetupTests.xctest */,
				42B91DE91DD76580007CDD34 /* SetupUITests.xctest */,
			);
			name = Products;
			sourceTree = "<group>";
		};
		42B91DCC1DD76580007CDD34 /* Setup */ = {
			isa = PBXGroup;
			children = (
				42B91DCD1DD76580007CDD34 /* AppDelegate.swift */,
				42B91DCF1DD76580007CDD34 /* ViewController.swift */,
				42B91DD11DD76580007CDD34 /* Main.storyboard */,
				42B91DD41DD76580007CDD34 /* Assets.xcassets */,
				42B91DD61DD76580007CDD34 /* LaunchScreen.storyboard */,
				42B91DD91DD76580007CDD34 /* Info.plist */,
			);
			path = Setup;
			sourceTree = "<group>";
		};
		42B91DE11DD76580007CDD34 /* SetupTests */ = {
			isa = PBXGroup;
			children = (
				42B91DE21DD76580007CDD34 /* SetupTests.swift */,
				42B91DE41DD76580007CDD34 /* Info.plist */,
			);
			path = SetupTests;
			sourceTree = "<group>";
		};
		42B91DEC1DD76580007CDD34 /* SetupUITests */ = {
			isa = PBXGroup;
			children = (
				42B91DED1DD76580007CDD34 /* SetupUITests.swift */,
				42B91DEF1DD76580007CDD34 /* Info.plist */,
			);
			path = SetupUITests;
			sourceTree = "<group>";
		};
/* End PBXGroup section */

/* Begin PBXNativeTarget section */
		42B91DC91DD76580007CDD34 /* Setup */ = {
			isa = PBXNativeTarget;
			buildConfigurationList = 42B91DF21DD76580007CDD34 /* Build configuration list for PBXNativeTarget "Setup" */;
			buildPhases = (
				42B91DC61DD76580007CDD34 /* Sources */,
				42B91DC71DD76580007CDD34 /* Frameworks */,
				42B91DC81DD76580007CDD34 /* Resources */,
			);
			buildRules = (
			);
			dependencies = (
			);
			name = Setup;
			productName = Setup;
			productReference = 42B91DCA1DD76580007CDD34 /* Setup.app */;
			productType = "com.apple.product-type.application";
		};
		42B91DDD1DD76580007CDD34 /* SetupTests */ = {
			isa = PBXNativeTarget;
			buildConfigurationList = 42B91DF51DD76580007CDD34 /* Build configuration list for PBXNativeTarget "SetupTests" */;
			buildPhases = (
				42B91DDA1DD76580007CDD34 /* Sources */,
				42B91DDB1DD76580007CDD34 /* Frameworks */,
				42B91DDC1DD76580007CDD34 /* Resources */,
			);
			buildRules = (
			);
			dependencies = (
				42B91DE01DD76580007CDD34 /* PBXTargetDependency */,
			);
			name = SetupTests;
			productName = SetupTests;
			productReference = 42B91DDE1DD76580007CDD34 /* SetupTests.xctest */;
			productType = "com.apple.product-type.bundle.unit-test";
		};
		42B91DE81DD76580007CDD34 /* SetupUITests */ = {
			isa = PBXNativeTarget;
			buildConfigurationList = 42B91DF81DD76580007CDD34 /* Build configuration list for PBXNativeTarget "SetupUITests" */;
			buildPhases = (
				42B91DE51DD76580007CDD34 /* Sources */,
				42B91DE61DD76580007CDD34 /* Frameworks */,
				42B91DE71DD76580007CDD34 /* Resources */,
			);
			buildRules = (
			);
			dependencies = (
				42B91DEB1DD76580007CDD34 /* PBXTargetDependency */,
			);
			name = SetupUITests;
			productName = SetupUITests;
			productReference = 42B91DE91DD76580007CDD34 /* SetupUITests.xctest */;
			productType = "com.apple.product-type.bundle.ui-testing";
		};
/* End PBXNativeTarget section */

/* Begin PBXProject section */
		42B91DC21DD7657F007CDD34 /* Project object */ = {
			isa = PBXProject;
			attributes = {
				LastSwiftUpdateCheck = 0820;
				LastUpgradeCheck = 0820;
				ORGANIZATIONNAME = Setup;
				TargetAttributes = {
					42B91DC91DD76580007CDD34 = {
						CreatedOnToolsVersion = 8.2;
						ProvisioningStyle = Automatic;
					};
					42B91DDD1DD76580007CDD34 = {
						CreatedOnToolsVersion = 8.2;
						ProvisioningStyle = Automatic;
						TestTargetID = 42B91DC91DD76580007CDD34;
					};
					42B91DE81DD76580007CDD34 = {
						CreatedOnToolsVersion = 8.2;
						ProvisioningStyle = Automatic;
						TestTargetID = 42B91DC91DD76580007CDD34;
					};
				};
			};
			buildConfigurationList = 42B91DC51DD7657F007CDD34 /* Build configuration list for PBXProject "Setup" */;
			compatibilityVersion = "Xcode 3.2";
			developmentRegion = English;
			hasScannedForEncodings = 0;
			knownRegions = (
				en,
				Base,
			);
			mainGroup = 42B91DC11DD7657F007CDD34;
			productRefGroup = 42B91DCB1DD76580007CDD34 /* Products */;
			projectDirPath = "";
			projectRoot = "";
			targets = (
				42B91DC91DD76580007CDD34 /* Setup */,
				42B91DDD1DD76580007CDD34 /* SetupTests */,
				42B91DE81DD76580007CDD34 /* SetupUITests */,
			);
		};
/* End PBXProject section */

/* Begin PBXResourcesBuildPhase section */
		42B91DC81DD76580007CDD34 /* Resources */ = {
			isa = PBXResourcesBuildPhase;
			buildActionMask = 2147483647;
			files = (
				42B91DD81DD76580007CDD34 /* LaunchScreen.storyboard in Resources */,
				42B91DD51DD76580007CDD34 /* Assets.xcassets in Resources */,
				42B91DD31DD76580007CDD34 /* Main.storyboard in Resources */,
			);
			runOnlyForDeploymentPostprocessing = 0;
		};
		42B91DDC1DD76580007CDD34 /* Resources */ = {
			isa = PBXResourcesBuildPhase;
			buildActionMask = 2147483647;
			files = (
			);
			runOnlyForDeploymentPostprocessing = 0;
		};
		42B91DE71DD76580007CDD34 /* Resources */ = {
			isa = PBXResourcesBuildPhase;
			buildActionMask = 2147483647;
			files = (
			);
			runOnlyForDeploymentPostprocessing = 0;
		};
/* End PBXResourcesBuildPhase section */

/* Begin PBXSourcesBuildPhase section */
		42B91DC61DD76580007CDD34 /* Sources */ = {
			isa = PBXSourcesBuildPhase;
			buildActionMask = 2147483647;
			files = (
				42B91DD01DD76580007CDD34 /* ViewController.swift in Sources */,
				42B91DCE1DD76580007CDD34 /* AppDelegate.swift in Sources */,
			);
			runOnlyForDeploymentPostprocessing = 0;
		};
		42B91DDA1DD76580007CDD34 /* Sources */ = {
			isa = PBXSourcesBuildPhase;
			buildActionMask = 2147483647;
			files = (
				42B91DE31DD76580007CDD34 /* SetupTests.swift in Sources */,
			);
			runOnlyForDeploymentPostprocessing = 0;
		};
		42B91DE51DD76580007CDD34 /* Sources */ = {
			isa = PBXSourcesBuildPhase;
			buildActionMask = 2147483647;
			files = (
				42B91DEE1DD76580007CDD34 /* SetupUITests.swift in Sources */,
			);
			runOnlyForDeploymentPostprocessing = 0;
		};
/* End PBXSourcesBuildPhase section */

/* Begin PBXTargetDependency section */
		42B91DE01DD76580007CDD34 /* PBXTargetDependency */ = {
			isa = PBXTargetDependency;
			target = 42B91DC91DD76580007CDD34 /* Setup */;
			targetProxy = 42B91DDF1DD76580007CDD34 /* PBXContainerItemProxy */;
		};
		42B91DEB1DD76580007CDD34 /* PBXTargetDependency */ = {
			isa = PBXTargetDependency;
			target = 42B91DC91DD76580007CDD34 /* Setup */;
			targetProxy = 42B91DEA1DD76580007CDD34 /* PBXContainerItemProxy */;
		};
/* End PBXTargetDependency section */

/* Begin PBXVariantGroup section */
		42B91DD11DD76580007CDD34 /* Main.storyboard */ = {
			isa = PBXVariantGroup;
			children = (
				42B91DD21DD76580007CDD34 /* Base */,
			);
			name = Main.storyboard;
			sourceTree = "<group>";
		};
		42B91DD61DD76580007CDD34 /* LaunchScreen.storyboard */ = {
			isa = PBXVariantGroup;
			children = (
				42B91DD71DD76580007CDD34 /* Base */,
			);
			name = LaunchScreen.storyboard;
			sourceTree = "<group>";
		};
/* End PBXVariantGroup section */

/* Begin XCBuildConfiguration section */
		42B91DF01DD76580007CDD34 /* Debug */ = {
			isa = XCBuildConfiguration;
			buildSettings = {
				ALWAYS_SEARCH_USER_PATHS = NO;
				CLANG_ANALYZER_NONNULL = YES;
				CLANG_CXX_LANGUAGE_STANDARD = "gnu++0x";
				CLANG_CXX_LIBRARY = "libc++";
				CLANG_ENABLE_MODULES = YES;
				CLANG_ENABLE_OBJC_ARC = YES;
				CLANG_WARN_BOOL_CONVERSION = YES;
				CLANG_WARN_CONSTANT_CONVERSION = YES;
				CLANG_WARN_DIRECT_OBJC_ISA_USAGE = YES_ERROR;
				CLANG_WARN_DOCUMENTATION_COMMENTS = YES;
				CLANG_WARN_EMPTY_BODY = YES;
				CLANG_WARN_ENUM_CONVERSION = YES;
				CLANG_WARN_INFINITE_RECURSION = YES;
				CLANG_WARN_INT_CONVERSION = YES;
				CLANG_WARN_OBJC_ROOT_CLASS = YES_ERROR;
				CLANG_WARN_SUSPICIOUS_MOVE = YES;
				CLANG_WARN_UNREACHABLE_CODE = YES;
				CLANG_WARN__DUPLICATE_METHOD_MATCH = YES;
				"CODE_SIGN_IDENTITY[sdk=iphoneos*]" = "iPhone Developer";
				COPY_PHASE_STRIP = NO;
				DEBUG_INFORMATION_FORMAT = dwarf;
				ENABLE_STRICT_OBJC_MSGSEND = YES;
				ENABLE_TESTABILITY = YES;
				GCC_C_LANGUAGE_STANDARD = gnu99;
				GCC_DYNAMIC_NO_PIC = NO;
				GCC_NO_COMMON_BLOCKS = YES;
				GCC_OPTIMIZATION_LEVEL = 0;
				GCC_PREPROCESSOR_DEFINITIONS = (
					"DEBUG=1",
					"$(inherited)",
				);
				GCC_WARN_64_TO_32_BIT_CONVERSION = YES;
				GCC_WARN_ABOUT_RETURN_TYPE = YES_ERROR;
				GCC_WARN_UNDECLARED_SELECTOR = YES;
				GCC_WARN_UNINITIALIZED_AUTOS = YES_AGGRESSIVE;
				GCC_WARN_UNUSED_FUNCTION = YES;
				GCC_WARN_UNUSED_VARIABLE = YES;
				IPHONEOS_DEPLOYMENT_TARGET = 10.2;
				MTL_ENABLE_DEBUG_INFO = YES;
				ONLY_ACTIVE_ARCH = YES;
				SDKROOT = iphoneos;
				SWIFT_ACTIVE_COMPILATION_CONDITIONS = DEBUG;
				SWIFT_OPTIMIZATION_LEVEL = "-Onone";
				TARGETED_DEVICE_FAMILY = "1,2";
			};
			name = Debug;
		};
		42B91DF11DD76580007CDD34 /* Release */ = {
			isa = XCBuildConfiguration;
			buildSettings = {
				ALWAYS_SEARCH_USER_PATHS = NO;
				CLANG_ANALYZER_NONNULL = YES;
				CLANG_CXX_LANGUAGE_STANDARD = "gnu++0x";
				CLANG_CXX_LIBRARY = "libc++";
				CLANG_ENABLE_MODULES = YES;
				CLANG_ENABLE_OBJC_ARC = YES;
				CLANG_WARN_BOOL_CONVERSION = YES;
				CLANG_WARN_CONSTANT_CONVERSION = YES;
				CLANG_WARN_DIRECT_OBJC_ISA_USAGE = YES_ERROR;
				CLANG_WARN_DOCUMENTATION_COMMENTS = YES;
				CLANG_WARN_EMPTY_BODY = YES;
				CLANG_WARN_ENUM_CONVERSION = YES;
				CLANG_WARN_INFINITE_RECURSION = YES;
				CLANG_WARN_INT_CONVERSION = YES;
				CLANG_WARN_OBJC_ROOT_CLASS = YES_ERROR;
				CLANG_WARN_SUSPICIOUS_MOVE = YES;
				CLANG_WARN_UNREACHABLE_CODE = YES;
				CLANG_WARN__DUPLICATE_METHOD_MATCH = YES;
				"CODE_SIGN_IDENTITY[sdk=iphoneos*]" = "iPhone Developer";
				COPY_PHASE_STRIP = NO;
				DEBUG_INFORMATION_FORMAT = "dwarf-with-dsym";
				ENABLE_NS_ASSERTIONS = NO;
				ENABLE_STRICT_OBJC_MSGSEND = YES;
				GCC_C_LANGUAGE_STANDARD = gnu99;
				GCC_NO_COMMON_BLOCKS = YES;
				GCC_WARN_64_TO_32_BIT_CONVERSION = YES;
				GCC_WARN_ABOUT_RETURN_TYPE = YES_ERROR;
				GCC_WARN_UNDECLARED_SELECTOR = YES;
				GCC_WARN_UNINITIALIZED_AUTOS = YES_AGGRESSIVE;
				GCC_WARN_UNUSED_FUNCTION = YES;
				GCC_WARN_UNUSED_VARIABLE = YES;
				IPHONEOS_DEPLOYMENT_TARGET = 10.2;
				MTL_ENABLE_DEBUG_INFO = NO;
				SDKROOT = iphoneos;
				SWIFT_OPTIMIZATION_LEVEL = "-Owholemodule";
				TARGETED_DEVICE_FAMILY = "1,2";
				VALIDATE_PRODUCT = YES;
			};
			name = Release;
		};
		42B91DF31DD76580007CDD34 /* Debug */ = {
			isa = XCBuildConfiguration;
			buildSettings = {
				ASSETCATALOG_COMPILER_APPICON_NAME = AppIcon;
				INFOPLIST_FILE = Setup/Info.plist;
				LD_RUNPATH_SEARCH_PATHS = "$(inherited) @executable_path/Frameworks";
				PRODUCT_BUNDLE_IDENTIFIER = Setup.Setup;
				PRODUCT_NAME = "$(TARGET_NAME)";
				SWIFT_VERSION = 3.0;
			};
			name = Debug;
		};
		42B91DF41DD76580007CDD34 /* Release */ = {
			isa = XCBuildConfiguration;
			buildSettings = {
				ASSETCATALOG_COMPILER_APPICON_NAME = AppIcon;
				INFOPLIST_FILE = Setup/Info.plist;
				LD_RUNPATH_SEARCH_PATHS = "$(inherited) @executable_path/Frameworks";
				PRODUCT_BUNDLE_IDENTIFIER = Setup.Setup;
				PRODUCT_NAME = "$(TARGET_NAME)";
				SWIFT_VERSION = 3.0;
			};
			name = Release;
		};
		42B91DF61DD76580007CDD34 /* Debug */ = {
			isa = XCBuildConfiguration;
			buildSettings = {
				ALWAYS_EMBED_SWIFT_STANDARD_LIBRARIES = YES;
				BUNDLE_LOADER = "$(TEST_HOST)";
				INFOPLIST_FILE = SetupTests/Info.plist;
				LD_RUNPATH_SEARCH_PATHS = "$(inherited) @executable_path/Frameworks @loader_path/Frameworks";
				PRODUCT_BUNDLE_IDENTIFIER = Setup.SetupTests;
				PRODUCT_NAME = "$(TARGET_NAME)";
				SWIFT_VERSION = 3.0;
				TEST_HOST = "$(BUILT_PRODUCTS_DIR)/Setup.app/Setup";
			};
			name = Debug;
		};
		42B91DF71DD76580007CDD34 /* Release */ = {
			isa = XCBuildConfiguration;
			buildSettings = {
				ALWAYS_EMBED_SWIFT_STANDARD_LIBRARIES = YES;
				BUNDLE_LOADER = "$(TEST_HOST)";
				INFOPLIST_FILE = SetupTests/Info.plist;
				LD_RUNPATH_SEARCH_PATHS = "$(inherited) @executable_path/Frameworks @loader_path/Frameworks";
				PRODUCT_BUNDLE_IDENTIFIER = Setup.SetupTests;
				PRODUCT_NAME = "$(TARGET_NAME)";
				SWIFT_VERSION = 3.0;
				TEST_HOST = "$(BUILT_PRODUCTS_DIR)/Setup.app/Setup";
			};
			name = Release;
		};
		42B91DF91DD76580007CDD34 /* Debug */ = {
			isa = XCBuildConfiguration;
			buildSettings = {
				ALWAYS_EMBED_SWIFT_STANDARD_LIBRARIES = YES;
				INFOPLIST_FILE = SetupUITests/Info.plist;
				LD_RUNPATH_SEARCH_PATHS = "$(inherited) @executable_path/Frameworks @loader_path/Frameworks";
				PRODUCT_BUNDLE_IDENTIFIER = Setup.SetupUITests;
				PRODUCT_NAME = "$(TARGET_NAME)";
				SWIFT_VERSION = 3.0;
				TEST_TARGET_NAME = Setup;
			};
			name = Debug;
		};
		42B91DFA1DD76580007CDD34 /* Release */ = {
			isa = XCBuildConfiguration;
			buildSettings = {
				ALWAYS_EMBED_SWIFT_STANDARD_LIBRARIES = YES;
				INFOPLIST_FILE = SetupUITests/Info.plist;
				LD_RUNPATH_SEARCH_PATHS = "$(inherited) @executable_path/Frameworks @loader_path/Frameworks";
				PRODUCT_BUNDLE_IDENTIFIER = Setup.SetupUITests;
				PRODUCT_NAME = "$(TARGET_NAME)";
				SWIFT_VERSION = 3.0;
				TEST_TARGET_NAME = Setup;
			};
			name = Release;
		};
/* End XCBuildConfiguration section */

/* Begin XCConfigurationList section */
		42B91DC51DD7657F007CDD34 /* Build configuration list for PBXProject "Setup" */ = {
			isa = XCConfigurationList;
			buildConfigurations = (
				42B91DF01DD76580007CDD34 /* Debug */,
				42B91DF11DD76580007CDD34 /* Release */,
			);
			defaultConfigurationIsVisible = 0;
			defaultConfigurationName = Release;
		};
		42B91DF21DD76580007CDD34 /* Build configuration list for PBXNativeTarget "Setup" */ = {
			isa = XCConfigurationList;
			buildConfigurations = (
				42B91DF31DD76580007CDD34 /* Debug */,
				42B91DF41DD76580007CDD34 /* Release */,
			);
			defaultConfigurationIsVisible = 0;
		};
		42B91DF51DD76580007CDD34 /* Build configuration list for PBXNativeTarget "SetupTests" */ = {
			isa = XCConfigurationList;
			buildConfigurations = (
				42B91DF61DD76580007CDD34 /* Debug */,
				42B91DF71DD76580007CDD34 /* Release */,
			);
			defaultConfigurationIsVisible = 0;
		};
		42B91DF81DD76580007CDD34 /* Build configuration list for PBXNativeTarget "SetupUITests" */ = {
			isa = XCConfigurationList;
			buildConfigurations = (
				42B91DF91DD76580007CDD34 /* Debug */,
				42B91DFA1DD76580007CDD34 /* Release */,
			);
			defaultConfigurationIsVisible = 0;
		};
/* End XCConfigurationList section */
	};
	rootObject = 42B91DC21DD7657F007CDD34 /* Project object */;
}
